
Microsoft Visual Studio Solution File, Format Version 12.00
# Visual Studio 15
VisualStudioVersion = 15.0.28307.1082
MinimumVisualStudioVersion = 10.0.40219.1
Project("{FAE04EC0-301F-11D3-BF4B-00C04F79EFBC}") = "OtoGaleri", "OtoGaleri\OtoGaleri.csproj", "{95C8F239-1EF4-448B-BE94-07DC737BF28A}"
EndProject
Global
	GlobalSection(SolutionConfigurationPlatforms) = preSolution
		Debug|Any CPU = Debug|Any CPU
		Release|Any CPU = Release|Any CPU
	EndGlobalSection
	GlobalSection(ProjectConfigurationPlatforms) = postSolution
		{95C8F239-1EF4-448B-BE94-07DC737BF28A}.Debug|Any CPU.ActiveCfg = Debug|Any CPU
		{95C8F239-1EF4-448B-BE94-07DC737BF28A}.Debug|Any CPU.Build.0 = Debug|Any CPU
		{95C8F239-1EF4-448B-BE94-07DC737BF28A}.Release|Any CPU.ActiveCfg = Release|Any CPU
		{95C8F239-1EF4-448B-BE94-07DC737BF28A}.Release|Any CPU.Build.0 = Release|Any CPU
	EndGlobalSection
	GlobalSection(SolutionProperties) = preSolution
		HideSolutionNode = FALSE
	EndGlobalSection
	GlobalSection(ExtensibilityGlobals) = postSolution
		SolutionGuid = {476DD007-53D4-49E2-9F81-2F7AC6261EFE}
	EndGlobalSection
EndGlobal
